// !$*UTF8*$!
{
	archiveVersion = 1;
	classes = {
	};
	objectVersion = 46;
	objects = {

/* Begin PBXBuildFile section */
		7965FBE6197AE19A0038F0D5 /* AppDelegate.swift in Sources */ = {isa = PBXBuildFile; fileRef = 7965FBE5197AE19A0038F0D5 /* AppDelegate.swift */; };
		7965FBE8197AE19A0038F0D5 /* ViewController.swift in Sources */ = {isa = PBXBuildFile; fileRef = 7965FBE7197AE19A0038F0D5 /* ViewController.swift */; };
		7965FBEB197AE19A0038F0D5 /* Main.storyboard in Resources */ = {isa = PBXBuildFile; fileRef = 7965FBE9197AE19A0038F0D5 /* Main.storyboard */; };
		7965FBED197AE19A0038F0D5 /* Images.xcassets in Resources */ = {isa = PBXBuildFile; fileRef = 7965FBEC197AE19A0038F0D5 /* Images.xcassets */; };
		7965FBF9197AE19A0038F0D5 /* ShareExtensionPracticeTests.swift in Sources */ = {isa = PBXBuildFile; fileRef = 7965FBF8197AE19A0038F0D5 /* ShareExtensionPracticeTests.swift */; };
		7965FC0B197AE1FA0038F0D5 /* ShareViewController.swift in Sources */ = {isa = PBXBuildFile; fileRef = 7965FC0A197AE1FA0038F0D5 /* ShareViewController.swift */; };
		7965FC0D197AE1FA0038F0D5 /* MainInterface.storyboard in Resources */ = {isa = PBXBuildFile; fileRef = 7965FC0C197AE1FA0038F0D5 /* MainInterface.storyboard */; };
		7965FC10197AE1FA0038F0D5 /* JustShare.appex in Embed App Extensions */ = {isa = PBXBuildFile; fileRef = 7965FC06197AE1FA0038F0D5 /* JustShare.appex */; };
/* End PBXBuildFile section */

/* Begin PBXContainerItemProxy section */
		7965FBF3197AE19A0038F0D5 /* PBXContainerItemProxy */ = {
			isa = PBXContainerItemProxy;
			containerPortal = 7965FBD8197AE19A0038F0D5 /* Project object */;
			proxyType = 1;
			remoteGlobalIDString = 7965FBDF197AE19A0038F0D5;
			remoteInfo = ShareExtensionPractice;
		};
		7965FC0E197AE1FA0038F0D5 /* PBXContainerItemProxy */ = {
			isa = PBXContainerItemProxy;
			containerPortal = 7965FBD8197AE19A0038F0D5 /* Project object */;
			proxyType = 1;
			remoteGlobalIDString = 7965FC05197AE1FA0038F0D5;
			remoteInfo = JustShare;
		};
		7965FC11197AE1FA0038F0D5 /* PBXContainerItemProxy */ = {
			isa = PBXContainerItemProxy;
			containerPortal = 7965FBD8197AE19A0038F0D5 /* Project object */;
			proxyType = 1;
			remoteGlobalIDString = 7965FC05197AE1FA0038F0D5;
			remoteInfo = JustShare;
		};
		796BAB95197AECF3007C4C39 /* PBXContainerItemProxy */ = {
			isa = PBXContainerItemProxy;
			containerPortal = 7965FBD8197AE19A0038F0D5 /* Project object */;
			proxyType = 1;
			remoteGlobalIDString = 7965FBDF197AE19A0038F0D5;
			remoteInfo = ShareExtensionPractice;
		};
/* End PBXContainerItemProxy section */

/* Begin PBXCopyFilesBuildPhase section */
		7965FC16197AE1FA0038F0D5 /* Embed App Extensions */ = {
			isa = PBXCopyFilesBuildPhase;
			buildActionMask = 2147483647;
			dstPath = "";
			dstSubfolderSpec = 13;
			files = (
				7965FC10197AE1FA0038F0D5 /* JustShare.appex in Embed App Extensions */,
			);
			name = "Embed App Extensions";
			runOnlyForDeploymentPostprocessing = 0;
		};
/* End PBXCopyFilesBuildPhase section */

/* Begin PBXFileReference section */
		7965FBE0197AE19A0038F0D5 /* ShareExtensionPractice.app */ = {isa = PBXFileReference; explicitFileType = wrapper.application; includeInIndex = 0; path = ShareExtensionPractice.app; sourceTree = BUILT_PRODUCTS_DIR; };
		7965FBE4197AE19A0038F0D5 /* Info.plist */ = {isa = PBXFileReference; lastKnownFileType = text.plist.xml; path = Info.plist; sourceTree = "<group>"; };
		7965FBE5197AE19A0038F0D5 /* AppDelegate.swift */ = {isa = PBXFileReference; lastKnownFileType = sourcecode.swift; path = AppDelegate.swift; sourceTree = "<group>"; };
		7965FBE7197AE19A0038F0D5 /* ViewController.swift */ = {isa = PBXFileReference; lastKnownFileType = sourcecode.swift; path = ViewController.swift; sourceTree = "<group>"; };
		7965FBEA197AE19A0038F0D5 /* Base */ = {isa = PBXFileReference; lastKnownFileType = file.storyboard; name = Base; path = Base.lproj/Main.storyboard; sourceTree = "<group>"; };
		7965FBEC197AE19A0038F0D5 /* Images.xcassets */ = {isa = PBXFileReference; lastKnownFileType = folder.assetcatalog; path = Images.xcassets; sourceTree = "<group>"; };
		7965FBF2197AE19A0038F0D5 /* ShareExtensionPracticeTests.xctest */ = {isa = PBXFileReference; explicitFileType = wrapper.cfbundle; includeInIndex = 0; path = ShareExtensionPracticeTests.xctest; sourceTree = BUILT_PRODUCTS_DIR; };
		7965FBF7197AE19A0038F0D5 /* Info.plist */ = {isa = PBXFileReference; lastKnownFileType = text.plist.xml; path = Info.plist; sourceTree = "<group>"; };
		7965FBF8197AE19A0038F0D5 /* ShareExtensionPracticeTests.swift */ = {isa = PBXFileReference; lastKnownFileType = sourcecode.swift; path = ShareExtensionPracticeTests.swift; sourceTree = "<group>"; };
		7965FC06197AE1FA0038F0D5 /* JustShare.appex */ = {isa = PBXFileReference; explicitFileType = "wrapper.app-extension"; includeInIndex = 0; path = JustShare.appex; sourceTree = BUILT_PRODUCTS_DIR; };
		7965FC09197AE1FA0038F0D5 /* Info.plist */ = {isa = PBXFileReference; lastKnownFileType = text.plist.xml; path = Info.plist; sourceTree = "<group>"; };
		7965FC0A197AE1FA0038F0D5 /* ShareViewController.swift */ = {isa = PBXFileReference; lastKnownFileType = sourcecode.swift; path = ShareViewController.swift; sourceTree = "<group>"; };
		7965FC0C197AE1FA0038F0D5 /* MainInterface.storyboard */ = {isa = PBXFileReference; lastKnownFileType = file.storyboard; path = MainInterface.storyboard; sourceTree = "<group>"; };
/* End PBXFileReference section */

/* Begin PBXFrameworksBuildPhase section */
		7965FBDD197AE19A0038F0D5 /* Frameworks */ = {
			isa = PBXFrameworksBuildPhase;
			buildActionMask = 2147483647;
			files = (
			);
			runOnlyForDeploymentPostprocessing = 0;
		};
		7965FBEF197AE19A0038F0D5 /* Frameworks */ = {
			isa = PBXFrameworksBuildPhase;
			buildActionMask = 2147483647;
			files = (
			);
			runOnlyForDeploymentPostprocessing = 0;
		};
		7965FC03197AE1FA0038F0D5 /* Frameworks */ = {
			isa = PBXFrameworksBuildPhase;
			buildActionMask = 2147483647;
			files = (
			);
			runOnlyForDeploymentPostprocessing = 0;
		};
/* End PBXFrameworksBuildPhase section */

/* Begin PBXGroup section */
		7965FBD7197AE19A0038F0D5 = {
			isa = PBXGroup;
			children = (
				7965FBE2197AE19A0038F0D5 /* ShareExtensionPractice */,
				7965FBF5197AE19A0038F0D5 /* ShareExtensionPracticeTests */,
				7965FC07197AE1FA0038F0D5 /* JustShare */,
				7965FBE1197AE19A0038F0D5 /* Products */,
			);
			sourceTree = "<group>";
		};
		7965FBE1197AE19A0038F0D5 /* Products */ = {
			isa = PBXGroup;
			children = (
				7965FBE0197AE19A0038F0D5 /* ShareExtensionPractice.app */,
				7965FBF2197AE19A0038F0D5 /* ShareExtensionPracticeTests.xctest */,
				7965FC06197AE1FA0038F0D5 /* JustShare.appex */,
			);
			name = Products;
			sourceTree = "<group>";
		};
		7965FBE2197AE19A0038F0D5 /* ShareExtensionPractice */ = {
			isa = PBXGroup;
			children = (
				7965FBE5197AE19A0038F0D5 /* AppDelegate.swift */,
				7965FBE7197AE19A0038F0D5 /* ViewController.swift */,
				7965FBE9197AE19A0038F0D5 /* Main.storyboard */,
				7965FBEC197AE19A0038F0D5 /* Images.xcassets */,
				7965FBE3197AE19A0038F0D5 /* Supporting Files */,
			);
			path = ShareExtensionPractice;
			sourceTree = "<group>";
		};
		7965FBE3197AE19A0038F0D5 /* Supporting Files */ = {
			isa = PBXGroup;
			children = (
				7965FBE4197AE19A0038F0D5 /* Info.plist */,
			);
			name = "Supporting Files";
			sourceTree = "<group>";
		};
		7965FBF5197AE19A0038F0D5 /* ShareExtensionPracticeTests */ = {
			isa = PBXGroup;
			children = (
				7965FBF8197AE19A0038F0D5 /* ShareExtensionPracticeTests.swift */,
				7965FBF6197AE19A0038F0D5 /* Supporting Files */,
			);
			path = ShareExtensionPracticeTests;
			sourceTree = "<group>";
		};
		7965FBF6197AE19A0038F0D5 /* Supporting Files */ = {
			isa = PBXGroup;
			children = (
				7965FBF7197AE19A0038F0D5 /* Info.plist */,
			);
			name = "Supporting Files";
			sourceTree = "<group>";
		};
		7965FC07197AE1FA0038F0D5 /* JustShare */ = {
			isa = PBXGroup;
			children = (
				7965FC0A197AE1FA0038F0D5 /* ShareViewController.swift */,
				7965FC0C197AE1FA0038F0D5 /* MainInterface.storyboard */,
				7965FC08197AE1FA0038F0D5 /* Supporting Files */,
			);
			path = JustShare;
			sourceTree = "<group>";
		};
		7965FC08197AE1FA0038F0D5 /* Supporting Files */ = {
			isa = PBXGroup;
			children = (
				7965FC09197AE1FA0038F0D5 /* Info.plist */,
			);
			name = "Supporting Files";
			sourceTree = "<group>";
		};
/* End PBXGroup section */

/* Begin PBXNativeTarget section */
		7965FBDF197AE19A0038F0D5 /* ShareExtensionPractice */ = {
			isa = PBXNativeTarget;
			buildConfigurationList = 7965FBFC197AE19A0038F0D5 /* Build configuration list for PBXNativeTarget "ShareExtensionPractice" */;
			buildPhases = (
				7965FBDC197AE19A0038F0D5 /* Sources */,
				7965FBDD197AE19A0038F0D5 /* Frameworks */,
				7965FBDE197AE19A0038F0D5 /* Resources */,
				7965FC16197AE1FA0038F0D5 /* Embed App Extensions */,
			);
			buildRules = (
			);
			dependencies = (
				7965FC0F197AE1FA0038F0D5 /* PBXTargetDependency */,
				7965FC12197AE1FA0038F0D5 /* PBXTargetDependency */,
			);
			name = ShareExtensionPractice;
			productName = ShareExtensionPractice;
			productReference = 7965FBE0197AE19A0038F0D5 /* ShareExtensionPractice.app */;
			productType = "com.apple.product-type.application";
		};
		7965FBF1197AE19A0038F0D5 /* ShareExtensionPracticeTests */ = {
			isa = PBXNativeTarget;
			buildConfigurationList = 7965FBFF197AE19A0038F0D5 /* Build configuration list for PBXNativeTarget "ShareExtensionPracticeTests" */;
			buildPhases = (
				7965FBEE197AE19A0038F0D5 /* Sources */,
				7965FBEF197AE19A0038F0D5 /* Frameworks */,
				7965FBF0197AE19A0038F0D5 /* Resources */,
			);
			buildRules = (
			);
			dependencies = (
				7965FBF4197AE19A0038F0D5 /* PBXTargetDependency */,
				796BAB96197AECF3007C4C39 /* PBXTargetDependency */,
			);
			name = ShareExtensionPracticeTests;
			productName = ShareExtensionPracticeTests;
			productReference = 7965FBF2197AE19A0038F0D5 /* ShareExtensionPracticeTests.xctest */;
			productType = "com.apple.product-type.bundle.unit-test";
		};
		7965FC05197AE1FA0038F0D5 /* JustShare */ = {
			isa = PBXNativeTarget;
			buildConfigurationList = 7965FC15197AE1FA0038F0D5 /* Build configuration list for PBXNativeTarget "JustShare" */;
			buildPhases = (
				7965FC02197AE1FA0038F0D5 /* Sources */,
				7965FC03197AE1FA0038F0D5 /* Frameworks */,
				7965FC04197AE1FA0038F0D5 /* Resources */,
			);
			buildRules = (
			);
			dependencies = (
			);
			name = JustShare;
			productName = JustShare;
			productReference = 7965FC06197AE1FA0038F0D5 /* JustShare.appex */;
			productType = "com.apple.product-type.app-extension";
		};
/* End PBXNativeTarget section */

/* Begin PBXProject section */
		7965FBD8197AE19A0038F0D5 /* Project object */ = {
			isa = PBXProject;
			attributes = {
				LastUpgradeCheck = 0600;
				ORGANIZATIONNAME = "Grady Zhuo";
				TargetAttributes = {
					7965FBDF197AE19A0038F0D5 = {
						CreatedOnToolsVersion = 6.0;
					};
					7965FBF1197AE19A0038F0D5 = {
						CreatedOnToolsVersion = 6.0;
						TestTargetID = 7965FBDF197AE19A0038F0D5;
					};
					7965FC05197AE1FA0038F0D5 = {
						CreatedOnToolsVersion = 6.0;
					};
				};
			};
			buildConfigurationList = 7965FBDB197AE19A0038F0D5 /* Build configuration list for PBXProject "ShareExtensionPractice" */;
			compatibilityVersion = "Xcode 3.2";
			developmentRegion = English;
			hasScannedForEncodings = 0;
			knownRegions = (
				en,
				Base,
			);
			mainGroup = 7965FBD7197AE19A0038F0D5;
			productRefGroup = 7965FBE1197AE19A0038F0D5 /* Products */;
			projectDirPath = "";
			projectRoot = "";
			targets = (
				7965FBDF197AE19A0038F0D5 /* ShareExtensionPractice */,
				7965FBF1197AE19A0038F0D5 /* ShareExtensionPracticeTests */,
				7965FC05197AE1FA0038F0D5 /* JustShare */,
			);
		};
/* End PBXProject section */

/* Begin PBXResourcesBuildPhase section */
		7965FBDE197AE19A0038F0D5 /* Resources */ = {
			isa = PBXResourcesBuildPhase;
			buildActionMask = 2147483647;
			files = (
				7965FBEB197AE19A0038F0D5 /* Main.storyboard in Resources */,
				7965FBED197AE19A0038F0D5 /* Images.xcassets in Resources */,
			);
			runOnlyForDeploymentPostprocessing = 0;
		};
		7965FBF0197AE19A0038F0D5 /* Resources */ = {
			isa = PBXResourcesBuildPhase;
			buildActionMask = 2147483647;
			files = (
			);
			runOnlyForDeploymentPostprocessing = 0;
		};
		7965FC04197AE1FA0038F0D5 /* Resources */ = {
			isa = PBXResourcesBuildPhase;
			buildActionMask = 2147483647;
			files = (
				7965FC0D197AE1FA0038F0D5 /* MainInterface.storyboard in Resources */,
			);
			runOnlyForDeploymentPostprocessing = 0;
		};
/* End PBXResourcesBuildPhase section */

/* Begin PBXSourcesBuildPhase section */
		7965FBDC197AE19A0038F0D5 /* Sources */ = {
			isa = PBXSourcesBuildPhase;
			buildActionMask = 2147483647;
			files = (
				7965FBE8197AE19A0038F0D5 /* ViewController.swift in Sources */,
				7965FBE6197AE19A0038F0D5 /* AppDelegate.swift in Sources */,
			);
			runOnlyForDeploymentPostprocessing = 0;
		};
		7965FBEE197AE19A0038F0D5 /* Sources */ = {
			isa = PBXSourcesBuildPhase;
			buildActionMask = 2147483647;
			files = (
				7965FBF9197AE19A0038F0D5 /* ShareExtensionPracticeTests.swift in Sources */,
			);
			runOnlyForDeploymentPostprocessing = 0;
		};
		7965FC02197AE1FA0038F0D5 /* Sources */ = {
			isa = PBXSourcesBuildPhase;
			buildActionMask = 2147483647;
			files = (
				7965FC0B197AE1FA0038F0D5 /* ShareViewController.swift in Sources */,
			);
			runOnlyForDeploymentPostprocessing = 0;
		};
/* End PBXSourcesBuildPhase section */

/* Begin PBXTargetDependency section */
		7965FBF4197AE19A0038F0D5 /* PBXTargetDependency */ = {
			isa = PBXTargetDependency;
			target = 7965FBDF197AE19A0038F0D5 /* ShareExtensionPractice */;
			targetProxy = 7965FBF3197AE19A0038F0D5 /* PBXContainerItemProxy */;
		};
		7965FC0F197AE1FA0038F0D5 /* PBXTargetDependency */ = {
			isa = PBXTargetDependency;
			target = 7965FC05197AE1FA0038F0D5 /* JustShare */;
			targetProxy = 7965FC0E197AE1FA0038F0D5 /* PBXContainerItemProxy */;
		};
		7965FC12197AE1FA0038F0D5 /* PBXTargetDependency */ = {
			isa = PBXTargetDependency;
			target = 7965FC05197AE1FA0038F0D5 /* JustShare */;
			targetProxy = 7965FC11197AE1FA0038F0D5 /* PBXContainerItemProxy */;
		};
		796BAB96197AECF3007C4C39 /* PBXTargetDependency */ = {
			isa = PBXTargetDependency;
			target = 7965FBDF197AE19A0038F0D5 /* ShareExtensionPractice */;
			targetProxy = 796BAB95197AECF3007C4C39 /* PBXContainerItemProxy */;
		};
/* End PBXTargetDependency section */

/* Begin PBXVariantGroup section */
		7965FBE9197AE19A0038F0D5 /* Main.storyboard */ = {
			isa = PBXVariantGroup;
			children = (
				7965FBEA197AE19A0038F0D5 /* Base */,
			);
			name = Main.storyboard;
			sourceTree = "<group>";
		};
/* End PBXVariantGroup section */

/* Begin XCBuildConfiguration section */
		7965FBFA197AE19A0038F0D5 /* Debug */ = {
			isa = XCBuildConfiguration;
			buildSettings = {
				ALWAYS_SEARCH_USER_PATHS = NO;
				CLANG_CXX_LANGUAGE_STANDARD = "gnu++0x";
				CLANG_CXX_LIBRARY = "libc++";
				CLANG_ENABLE_MODULES = YES;
				CLANG_ENABLE_OBJC_ARC = YES;
				CLANG_WARN_BOOL_CONVERSION = YES;
				CLANG_WARN_CONSTANT_CONVERSION = YES;
				CLANG_WARN_DIRECT_OBJC_ISA_USAGE = YES_ERROR;
				CLANG_WARN_EMPTY_BODY = YES;
				CLANG_WARN_ENUM_CONVERSION = YES;
				CLANG_WARN_INT_CONVERSION = YES;
				CLANG_WARN_OBJC_ROOT_CLASS = YES_ERROR;
				CLANG_WARN_UNREACHABLE_CODE = YES;
				CLANG_WARN__DUPLICATE_METHOD_MATCH = YES;
				"CODE_SIGN_IDENTITY[sdk=iphoneos*]" = "iPhone Developer";
				COPY_PHASE_STRIP = NO;
				ENABLE_STRICT_OBJC_MSGSEND = YES;
				GCC_C_LANGUAGE_STANDARD = gnu99;
				GCC_DYNAMIC_NO_PIC = NO;
				GCC_OPTIMIZATION_LEVEL = 0;
				GCC_PREPROCESSOR_DEFINITIONS = (
					"DEBUG=1",
					"$(inherited)",
				);
				GCC_SYMBOLS_PRIVATE_EXTERN = NO;
				GCC_WARN_64_TO_32_BIT_CONVERSION = YES;
				GCC_WARN_ABOUT_RETURN_TYPE = YES_ERROR;
				GCC_WARN_UNDECLARED_SELECTOR = YES;
				GCC_WARN_UNINITIALIZED_AUTOS = YES_AGGRESSIVE;
				GCC_WARN_UNUSED_FUNCTION = YES;
				GCC_WARN_UNUSED_VARIABLE = YES;
				IPHONEOS_DEPLOYMENT_TARGET = 8.0;
				MTL_ENABLE_DEBUG_INFO = YES;
				ONLY_ACTIVE_ARCH = YES;
				SDKROOT = iphoneos;
				SWIFT_OPTIMIZATION_LEVEL = "-Onone";
			};
			name = Debug;
		};
		7965FBFB197AE19A0038F0D5 /* Release */ = {
			isa = XCBuildConfiguration;
			buildSettings = {
				ALWAYS_SEARCH_USER_PATHS = NO;
				CLANG_CXX_LANGUAGE_STANDARD = "gnu++0x";
				CLANG_CXX_LIBRARY = "libc++";
				CLANG_ENABLE_MODULES = YES;
				CLANG_ENABLE_OBJC_ARC = YES;
				CLANG_WARN_BOOL_CONVERSION = YES;
				CLANG_WARN_CONSTANT_CONVERSION = YES;
				CLANG_WARN_DIRECT_OBJC_ISA_USAGE = YES_ERROR;
				CLANG_WARN_EMPTY_BODY = YES;
				CLANG_WARN_ENUM_CONVERSION = YES;
				CLANG_WARN_INT_CONVERSION = YES;
				CLANG_WARN_OBJC_ROOT_CLASS = YES_ERROR;
				CLANG_WARN_UNREACHABLE_CODE = YES;
				CLANG_WARN__DUPLICATE_METHOD_MATCH = YES;
				"CODE_SIGN_IDENTITY[sdk=iphoneos*]" = "iPhone Developer";
				COPY_PHASE_STRIP = YES;
				ENABLE_NS_ASSERTIONS = NO;
				ENABLE_STRICT_OBJC_MSGSEND = YES;
				GCC_C_LANGUAGE_STANDARD = gnu99;
				GCC_WARN_64_TO_32_BIT_CONVERSION = YES;
				GCC_WARN_ABOUT_RETURN_TYPE = YES_ERROR;
				GCC_WARN_UNDECLARED_SELECTOR = YES;
				GCC_WARN_UNINITIALIZED_AUTOS = YES_AGGRESSIVE;
				GCC_WARN_UNUSED_FUNCTION = YES;
				GCC_WARN_UNUSED_VARIABLE = YES;
				IPHONEOS_DEPLOYMENT_TARGET = 8.0;
				MTL_ENABLE_DEBUG_INFO = NO;
				SDKROOT = iphoneos;
				VALIDATE_PRODUCT = YES;
			};
			name = Release;
		};
		7965FBFD197AE19A0038F0D5 /* Debug */ = {
			isa = XCBuildConfiguration;
			buildSettings = {
				ASSETCATALOG_COMPILER_APPICON_NAME = AppIcon;
				ASSETCATALOG_COMPILER_LAUNCHIMAGE_NAME = LaunchImage;
				INFOPLIST_FILE = ShareExtensionPractice/Info.plist;
				LD_RUNPATH_SEARCH_PATHS = "$(inherited) @executable_path/Frameworks";
				PRODUCT_NAME = "$(TARGET_NAME)";
			};
			name = Debug;
		};
		7965FBFE197AE19A0038F0D5 /* Release */ = {
			isa = XCBuildConfiguration;
			buildSettings = {
				ASSETCATALOG_COMPILER_APPICON_NAME = AppIcon;
				ASSETCATALOG_COMPILER_LAUNCHIMAGE_NAME = LaunchImage;
				INFOPLIST_FILE = ShareExtensionPractice/Info.plist;
				LD_RUNPATH_SEARCH_PATHS = "$(inherited) @executable_path/Frameworks";
				PRODUCT_NAME = "$(TARGET_NAME)";
			};
			name = Release;
		};
		7965FC00197AE19A0038F0D5 /* Debug */ = {
			isa = XCBuildConfiguration;
			buildSettings = {
				BUNDLE_LOADER = "$(BUILT_PRODUCTS_DIR)/ShareExtensionPractice.app/ShareExtensionPractice";
				FRAMEWORK_SEARCH_PATHS = (
					"$(SDKROOT)/Developer/Library/Frameworks",
					"$(inherited)",
				);
				GCC_PREPROCESSOR_DEFINITIONS = (
					"DEBUG=1",
					"$(inherited)",
				);
				INFOPLIST_FILE = ShareExtensionPracticeTests/Info.plist;
				LD_RUNPATH_SEARCH_PATHS = "$(inherited) @executable_path/Frameworks @loader_path/Frameworks";
				PRODUCT_NAME = "$(TARGET_NAME)";
				TEST_HOST = "$(BUNDLE_LOADER)";
			};
			name = Debug;
		};
		7965FC01197AE19A0038F0D5 /* Release */ = {
			isa = XCBuildConfiguration;
			buildSettings = {
				BUNDLE_LOADER = "$(BUILT_PRODUCTS_DIR)/ShareExtensionPractice.app/ShareExtensionPractice";
				FRAMEWORK_SEARCH_PATHS = (
					"$(SDKROOT)/Developer/Library/Frameworks",
					"$(inherited)",
				);
				INFOPLIST_FILE = ShareExtensionPracticeTests/Info.plist;
				LD_RUNPATH_SEARCH_PATHS = "$(inherited) @executable_path/Frameworks @loader_path/Frameworks";
				PRODUCT_NAME = "$(TARGET_NAME)";
				TEST_HOST = "$(BUNDLE_LOADER)";
			};
			name = Release;
		};
		7965FC13197AE1FA0038F0D5 /* Debug */ = {
			isa = XCBuildConfiguration;
			buildSettings = {
				GCC_PREPROCESSOR_DEFINITIONS = (
					"DEBUG=1",
					"$(inherited)",
				);
				INFOPLIST_FILE = JustShare/Info.plist;
				LD_RUNPATH_SEARCH_PATHS = "$(inherited) @executable_path/Frameworks @executable_path/../../Frameworks";
				PRODUCT_NAME = "$(TARGET_NAME)";
				SKIP_INSTALL = YES;
			};
			name = Debug;
		};
		7965FC14197AE1FA0038F0D5 /* Release */ = {
			isa = XCBuildConfiguration;
			buildSettings = {
				INFOPLIST_FILE = JustShare/Info.plist;
				LD_RUNPATH_SEARCH_PATHS = "$(inherited) @executable_path/Frameworks @executable_path/../../Frameworks";
				PRODUCT_NAME = "$(TARGET_NAME)";
				SKIP_INSTALL = YES;
			};
			name = Release;
		};
/* End XCBuildConfiguration section */

/* Begin XCConfigurationList section */
		7965FBDB197AE19A0038F0D5 /* Build configuration list for PBXProject "ShareExtensionPractice" */ = {
			isa = XCConfigurationList;
			buildConfigurations = (
				7965FBFA197AE19A0038F0D5 /* Debug */,
				7965FBFB197AE19A0038F0D5 /* Release */,
			);
			defaultConfigurationIsVisible = 0;
			defaultConfigurationName = Release;
		};
		7965FBFC197AE19A0038F0D5 /* Build configuration list for PBXNativeTarget "ShareExtensionPractice" */ = {
			isa = XCConfigurationList;
			buildConfigurations = (
				7965FBFD197AE19A0038F0D5 /* Debug */,
				7965FBFE197AE19A0038F0D5 /* Release */,
			);
			defaultConfigurationIsVisible = 0;
			defaultConfigurationName = Release;
		};
		7965FBFF197AE19A0038F0D5 /* Build configuration list for PBXNativeTarget "ShareExtensionPracticeTests" */ = {
			isa = XCConfigurationList;
			buildConfigurations = (
				7965FC00197AE19A0038F0D5 /* Debug */,
				7965FC01197AE19A0038F0D5 /* Release */,
			);
			defaultConfigurationIsVisible = 0;
			defaultConfigurationName = Release;
		};
		7965FC15197AE1FA0038F0D5 /* Build configuration list for PBXNativeTarget "JustShare" */ = {
			isa = XCConfigurationList;
			buildConfigurations = (
				7965FC13197AE1FA0038F0D5 /* Debug */,
				7965FC14197AE1FA0038F0D5 /* Release */,
			);
			defaultConfigurationIsVisible = 0;
			defaultConfigurationName = Release;
		};
/* End XCConfigurationList section */
	};
	rootObject = 7965FBD8197AE19A0038F0D5 /* Project object */;
}
